{
  "name": "project_web3.0-main",
  "lockfileVersion": 3,
  "requires": true,
  "packages": {
    "": {
      "dependencies": {
        "react-tooltip": "^5.21.1"
      }
    },
    "node_modules/@floating-ui/core": {
      "version": "1.4.1",
      "resolved": "https://registry.npmjs.org/@floating-ui/core/-/core-1.4.1.tgz",
      "integrity": "sha512-jk3WqquEJRlcyu7997NtR5PibI+y5bi+LS3hPmguVClypenMsCY3CBa3LAQnozRCtCrYWSEtAdiskpamuJRFOQ==",
      "dependencies": {
        "@floating-ui/utils": "^0.1.1"
      }
    },
    "node_modules/@floating-ui/dom": {
      "version": "1.5.1",
      "resolved": "https://registry.npmjs.org/@floating-ui/dom/-/dom-1.5.1.tgz",
      "integrity": "sha512-KwvVcPSXg6mQygvA1TjbN/gh///36kKtllIF8SUm0qpFj8+rvYrpvlYdL1JoA71SHpDqgSSdGOSoQ0Mp3uY5aw==",
      "dependencies": {
        "@floating-ui/core": "^1.4.1",
        "@floating-ui/utils": "^0.1.1"
      }
    },
    "node_modules/@floating-ui/utils": {
      "version": "0.1.1",
      "resolved": "https://registry.npmjs.org/@floating-ui/utils/-/utils-0.1.1.tgz",
      "integrity": "sha512-m0G6wlnhm/AX0H12IOWtK8gASEMffnX08RtKkCgTdHb9JpHKGloI7icFfLg9ZmQeavcvR0PKmzxClyuFPSjKWw=="
    },
    "node_modules/classnames": {
      "version": "2.3.2",
      "resolved": "https://registry.npmjs.org/classnames/-/classnames-2.3.2.tgz",
      "integrity": "sha512-CSbhY4cFEJRe6/GQzIk5qXZ4Jeg5pcsP7b5peFSDpffpe1cqjASH/n9UTjBwOp6XpMSTwQ8Za2K5V02ueA7Tmw=="
    },
    "node_modules/react-tooltip": {
      "version": "5.21.1",
      "resolved": "https://registry.npmjs.org/react-tooltip/-/react-tooltip-5.21.1.tgz",
      "integrity": "sha512-wJqF/yzK1wuJuy5/zAkVErFA609fVv1ZukhGjw44PcMvg9wL0jomnpQyz3qH1H7TWjz/wqO/OMc3ipQNjZ8zYg==",
      "dependencies": {
        "@floating-ui/dom": "^1.0.0",
        "classnames": "^2.3.0"
      },
      "peerDependencies": {
        "react": ">=16.14.0",
        "react-dom": ">=16.14.0"
      }
    }
  }
}
